// !$*UTF8*$!
{
	archiveVersion = 1;
	classes = {
	};
	objectVersion = 46;
	objects = {

/* Begin PBXBuildFile section */
		86288E751DA7D8F2003A87D2 /* RequestFactory.swift in Sources */ = {isa = PBXBuildFile; fileRef = 86288E741DA7D8F2003A87D2 /* RequestFactory.swift */; };
		86288E771DA7F1A0003A87D2 /* Business.swift in Sources */ = {isa = PBXBuildFile; fileRef = 86288E761DA7F1A0003A87D2 /* Business.swift */; };
		8669B36A1DA81A27005CF1A4 /* Coordinates.swift in Sources */ = {isa = PBXBuildFile; fileRef = 8669B3691DA81A27005CF1A4 /* Coordinates.swift */; };
		8669B36C1DA820C3005CF1A4 /* Location.swift in Sources */ = {isa = PBXBuildFile; fileRef = 8669B36B1DA820C3005CF1A4 /* Location.swift */; };
		8669B36E1DA8231B005CF1A4 /* RestaurantsTableViewController.swift in Sources */ = {isa = PBXBuildFile; fileRef = 8669B36D1DA8231B005CF1A4 /* RestaurantsTableViewController.swift */; };
		8669B3701DA82A38005CF1A4 /* RestaurantDetailViewController.swift in Sources */ = {isa = PBXBuildFile; fileRef = 8669B36F1DA82A38005CF1A4 /* RestaurantDetailViewController.swift */; };
		8669B3721DA83140005CF1A4 /* Review.swift in Sources */ = {isa = PBXBuildFile; fileRef = 8669B3711DA83140005CF1A4 /* Review.swift */; };
		86A639B61DA6F042009046ED /* AppDelegate.swift in Sources */ = {isa = PBXBuildFile; fileRef = 86A639B51DA6F042009046ED /* AppDelegate.swift */; };
		86A639BB1DA6F042009046ED /* Main.storyboard in Resources */ = {isa = PBXBuildFile; fileRef = 86A639B91DA6F042009046ED /* Main.storyboard */; };
		86A639BE1DA6F042009046ED /* Restaurants.xcdatamodeld in Sources */ = {isa = PBXBuildFile; fileRef = 86A639BC1DA6F042009046ED /* Restaurants.xcdatamodeld */; };
		86A639C01DA6F042009046ED /* Assets.xcassets in Resources */ = {isa = PBXBuildFile; fileRef = 86A639BF1DA6F042009046ED /* Assets.xcassets */; };
		86A639C31DA6F042009046ED /* LaunchScreen.storyboard in Resources */ = {isa = PBXBuildFile; fileRef = 86A639C11DA6F042009046ED /* LaunchScreen.storyboard */; };
		86A639D21DA6FB88009046ED /* YelpAPIManager.swift in Sources */ = {isa = PBXBuildFile; fileRef = 86A639D11DA6FB88009046ED /* YelpAPIManager.swift */; };
		86D2372D1DABBFEC00DF8D40 /* FeaturedCategoryCollectionViewCell.swift in Sources */ = {isa = PBXBuildFile; fileRef = 86D2372C1DABBFEC00DF8D40 /* FeaturedCategoryCollectionViewCell.swift */; };
		86D237301DABC65500DF8D40 /* FeaturedCategoryCollectionViewCell.xib in Resources */ = {isa = PBXBuildFile; fileRef = 86D2372F1DABC65500DF8D40 /* FeaturedCategoryCollectionViewCell.xib */; };
		86D237321DABD36600DF8D40 /* FeaturedRestaurantsCollectionViewCell.xib in Resources */ = {isa = PBXBuildFile; fileRef = 86D237311DABD36600DF8D40 /* FeaturedRestaurantsCollectionViewCell.xib */; };
		86D237341DABD3E700DF8D40 /* FeaturedRestaurantsCollectionViewCell.swift in Sources */ = {isa = PBXBuildFile; fileRef = 86D237331DABD3E700DF8D40 /* FeaturedRestaurantsCollectionViewCell.swift */; };
		86D2373A1DABE94800DF8D40 /* FeaturedSection.swift in Sources */ = {isa = PBXBuildFile; fileRef = 86D237391DABE94800DF8D40 /* FeaturedSection.swift */; };
		86D2373C1DABFCDC00DF8D40 /* SuggestedSection.swift in Sources */ = {isa = PBXBuildFile; fileRef = 86D2373B1DABFCDC00DF8D40 /* SuggestedSection.swift */; };
		86D2373E1DAC05D300DF8D40 /* UIColor+Extension.swift in Sources */ = {isa = PBXBuildFile; fileRef = 86D2373D1DAC05D300DF8D40 /* UIColor+Extension.swift */; };
		86D237401DAC060200DF8D40 /* UIView+Extension.swift in Sources */ = {isa = PBXBuildFile; fileRef = 86D2373F1DAC060200DF8D40 /* UIView+Extension.swift */; };
		86D237421DAC19B200DF8D40 /* SearchResultRestaurantTableViewCell.swift in Sources */ = {isa = PBXBuildFile; fileRef = 86D237411DAC19B200DF8D40 /* SearchResultRestaurantTableViewCell.swift */; };
		86FE88C81DA857A4006260AE /* Category.swift in Sources */ = {isa = PBXBuildFile; fileRef = 86FE88C71DA857A4006260AE /* Category.swift */; };
		86FE88CC1DAAA7EE006260AE /* CategoryCollectionViewCell.swift in Sources */ = {isa = PBXBuildFile; fileRef = 86FE88CB1DAAA7EE006260AE /* CategoryCollectionViewCell.swift */; };
		86FE88CF1DAAABB3006260AE /* CategoryCollectionViewController.swift in Sources */ = {isa = PBXBuildFile; fileRef = 86FE88CE1DAAABB3006260AE /* CategoryCollectionViewController.swift */; };
		86FE88D11DAAADED006260AE /* RestaurantCollectionViewCell.swift in Sources */ = {isa = PBXBuildFile; fileRef = 86FE88D01DAAADED006260AE /* RestaurantCollectionViewCell.swift */; };
		86FE88D61DAAC301006260AE /* CategoryHeaderCollectionReusableView.swift in Sources */ = {isa = PBXBuildFile; fileRef = 86FE88D51DAAC301006260AE /* CategoryHeaderCollectionReusableView.swift */; };
		86FE88D81DAAC5CC006260AE /* InitialState.swift in Sources */ = {isa = PBXBuildFile; fileRef = 86FE88D71DAAC5CC006260AE /* InitialState.swift */; };
		86FE88DC1DAADED6006260AE /* TabBarViewController.swift in Sources */ = {isa = PBXBuildFile; fileRef = 86FE88DB1DAADED6006260AE /* TabBarViewController.swift */; };
		86FE88DE1DAAE823006260AE /* WelcomeViewController.swift in Sources */ = {isa = PBXBuildFile; fileRef = 86FE88DD1DAAE823006260AE /* WelcomeViewController.swift */; };
		86FE88E01DAAE841006260AE /* PermissionPrimingViewController.swift in Sources */ = {isa = PBXBuildFile; fileRef = 86FE88DF1DAAE841006260AE /* PermissionPrimingViewController.swift */; };
		9A489B12541CD538A99A7433 /* Pods_Restaurants.framework in Frameworks */ = {isa = PBXBuildFile; fileRef = 3B978821A3C430AB5E984174 /* Pods_Restaurants.framework */; };
/* End PBXBuildFile section */

/* Begin PBXFileReference section */
		3B978821A3C430AB5E984174 /* Pods_Restaurants.framework */ = {isa = PBXFileReference; explicitFileType = wrapper.framework; includeInIndex = 0; path = Pods_Restaurants.framework; sourceTree = BUILT_PRODUCTS_DIR; };
		86288E741DA7D8F2003A87D2 /* RequestFactory.swift */ = {isa = PBXFileReference; fileEncoding = 4; lastKnownFileType = sourcecode.swift; name = RequestFactory.swift; path = Model/RequestFactory.swift; sourceTree = "<group>"; };
		86288E761DA7F1A0003A87D2 /* Business.swift */ = {isa = PBXFileReference; fileEncoding = 4; lastKnownFileType = sourcecode.swift; name = Business.swift; path = Model/Business.swift; sourceTree = "<group>"; };
		8669B3691DA81A27005CF1A4 /* Coordinates.swift */ = {isa = PBXFileReference; fileEncoding = 4; lastKnownFileType = sourcecode.swift; name = Coordinates.swift; path = Model/Coordinates.swift; sourceTree = "<group>"; };
		8669B36B1DA820C3005CF1A4 /* Location.swift */ = {isa = PBXFileReference; fileEncoding = 4; lastKnownFileType = sourcecode.swift; name = Location.swift; path = Model/Location.swift; sourceTree = "<group>"; };
		8669B36D1DA8231B005CF1A4 /* RestaurantsTableViewController.swift */ = {isa = PBXFileReference; fileEncoding = 4; lastKnownFileType = sourcecode.swift; name = RestaurantsTableViewController.swift; path = Controller/RestaurantsTableViewController.swift; sourceTree = "<group>"; };
		8669B36F1DA82A38005CF1A4 /* RestaurantDetailViewController.swift */ = {isa = PBXFileReference; fileEncoding = 4; lastKnownFileType = sourcecode.swift; name = RestaurantDetailViewController.swift; path = Controller/RestaurantDetailViewController.swift; sourceTree = "<group>"; };
		8669B3711DA83140005CF1A4 /* Review.swift */ = {isa = PBXFileReference; fileEncoding = 4; lastKnownFileType = sourcecode.swift; name = Review.swift; path = Model/Review.swift; sourceTree = "<group>"; };
		86A639B21DA6F042009046ED /* Restaurants.app */ = {isa = PBXFileReference; explicitFileType = wrapper.application; includeInIndex = 0; path = Restaurants.app; sourceTree = BUILT_PRODUCTS_DIR; };
		86A639B51DA6F042009046ED /* AppDelegate.swift */ = {isa = PBXFileReference; lastKnownFileType = sourcecode.swift; path = AppDelegate.swift; sourceTree = "<group>"; };
		86A639BA1DA6F042009046ED /* Base */ = {isa = PBXFileReference; lastKnownFileType = file.storyboard; name = Base; path = Base.lproj/Main.storyboard; sourceTree = "<group>"; };
		86A639BD1DA6F042009046ED /* Restaurants.xcdatamodel */ = {isa = PBXFileReference; lastKnownFileType = wrapper.xcdatamodel; path = Restaurants.xcdatamodel; sourceTree = "<group>"; };
		86A639BF1DA6F042009046ED /* Assets.xcassets */ = {isa = PBXFileReference; lastKnownFileType = folder.assetcatalog; path = Assets.xcassets; sourceTree = "<group>"; };
		86A639C21DA6F042009046ED /* Base */ = {isa = PBXFileReference; lastKnownFileType = file.storyboard; name = Base; path = Base.lproj/LaunchScreen.storyboard; sourceTree = "<group>"; };
		86A639C41DA6F042009046ED /* Info.plist */ = {isa = PBXFileReference; lastKnownFileType = text.plist.xml; path = Info.plist; sourceTree = "<group>"; };
		86A639D11DA6FB88009046ED /* YelpAPIManager.swift */ = {isa = PBXFileReference; fileEncoding = 4; lastKnownFileType = sourcecode.swift; path = YelpAPIManager.swift; sourceTree = "<group>"; };
		86A639D81DA71F3D009046ED /* Restaurants-Bridging-Header.h */ = {isa = PBXFileReference; lastKnownFileType = sourcecode.c.h; path = "Restaurants-Bridging-Header.h"; sourceTree = "<group>"; };
		86A639DC1DA73510009046ED /* Restaurants.entitlements */ = {isa = PBXFileReference; lastKnownFileType = text.plist.entitlements; path = Restaurants.entitlements; sourceTree = "<group>"; };
		86D2372C1DABBFEC00DF8D40 /* FeaturedCategoryCollectionViewCell.swift */ = {isa = PBXFileReference; fileEncoding = 4; lastKnownFileType = sourcecode.swift; name = FeaturedCategoryCollectionViewCell.swift; path = Controller/FeaturedCategoryCollectionViewCell.swift; sourceTree = "<group>"; };
		86D2372F1DABC65500DF8D40 /* FeaturedCategoryCollectionViewCell.xib */ = {isa = PBXFileReference; fileEncoding = 4; lastKnownFileType = file.xib; name = FeaturedCategoryCollectionViewCell.xib; path = View/FeaturedCategoryCollectionViewCell.xib; sourceTree = "<group>"; };
		86D237311DABD36600DF8D40 /* FeaturedRestaurantsCollectionViewCell.xib */ = {isa = PBXFileReference; fileEncoding = 4; lastKnownFileType = file.xib; name = FeaturedRestaurantsCollectionViewCell.xib; path = View/FeaturedRestaurantsCollectionViewCell.xib; sourceTree = "<group>"; };
		86D237331DABD3E700DF8D40 /* FeaturedRestaurantsCollectionViewCell.swift */ = {isa = PBXFileReference; fileEncoding = 4; lastKnownFileType = sourcecode.swift; name = FeaturedRestaurantsCollectionViewCell.swift; path = Controller/FeaturedRestaurantsCollectionViewCell.swift; sourceTree = "<group>"; };
		86D237391DABE94800DF8D40 /* FeaturedSection.swift */ = {isa = PBXFileReference; fileEncoding = 4; lastKnownFileType = sourcecode.swift; name = FeaturedSection.swift; path = Model/FeaturedSection.swift; sourceTree = "<group>"; };
		86D2373B1DABFCDC00DF8D40 /* SuggestedSection.swift */ = {isa = PBXFileReference; fileEncoding = 4; lastKnownFileType = sourcecode.swift; name = SuggestedSection.swift; path = Model/SuggestedSection.swift; sourceTree = "<group>"; };
		86D2373D1DAC05D300DF8D40 /* UIColor+Extension.swift */ = {isa = PBXFileReference; fileEncoding = 4; lastKnownFileType = sourcecode.swift; path = "UIColor+Extension.swift"; sourceTree = "<group>"; };
		86D2373F1DAC060200DF8D40 /* UIView+Extension.swift */ = {isa = PBXFileReference; fileEncoding = 4; lastKnownFileType = sourcecode.swift; path = "UIView+Extension.swift"; sourceTree = "<group>"; };
		86D237411DAC19B200DF8D40 /* SearchResultRestaurantTableViewCell.swift */ = {isa = PBXFileReference; fileEncoding = 4; lastKnownFileType = sourcecode.swift; name = SearchResultRestaurantTableViewCell.swift; path = Controller/SearchResultRestaurantTableViewCell.swift; sourceTree = "<group>"; };
		86FE88C71DA857A4006260AE /* Category.swift */ = {isa = PBXFileReference; fileEncoding = 4; lastKnownFileType = sourcecode.swift; name = Category.swift; path = Model/Category.swift; sourceTree = "<group>"; };
		86FE88CB1DAAA7EE006260AE /* CategoryCollectionViewCell.swift */ = {isa = PBXFileReference; fileEncoding = 4; lastKnownFileType = sourcecode.swift; name = CategoryCollectionViewCell.swift; path = Controller/CategoryCollectionViewCell.swift; sourceTree = "<group>"; };
		86FE88CE1DAAABB3006260AE /* CategoryCollectionViewController.swift */ = {isa = PBXFileReference; fileEncoding = 4; lastKnownFileType = sourcecode.swift; name = CategoryCollectionViewController.swift; path = Controller/CategoryCollectionViewController.swift; sourceTree = "<group>"; };
		86FE88D01DAAADED006260AE /* RestaurantCollectionViewCell.swift */ = {isa = PBXFileReference; fileEncoding = 4; lastKnownFileType = sourcecode.swift; name = RestaurantCollectionViewCell.swift; path = Controller/RestaurantCollectionViewCell.swift; sourceTree = "<group>"; };
		86FE88D51DAAC301006260AE /* CategoryHeaderCollectionReusableView.swift */ = {isa = PBXFileReference; fileEncoding = 4; lastKnownFileType = sourcecode.swift; name = CategoryHeaderCollectionReusableView.swift; path = Controller/CategoryHeaderCollectionReusableView.swift; sourceTree = "<group>"; };
		86FE88D71DAAC5CC006260AE /* InitialState.swift */ = {isa = PBXFileReference; fileEncoding = 4; lastKnownFileType = sourcecode.swift; path = InitialState.swift; sourceTree = "<group>"; };
		86FE88DB1DAADED6006260AE /* TabBarViewController.swift */ = {isa = PBXFileReference; fileEncoding = 4; lastKnownFileType = sourcecode.swift; name = TabBarViewController.swift; path = Controller/TabBarViewController.swift; sourceTree = "<group>"; };
		86FE88DD1DAAE823006260AE /* WelcomeViewController.swift */ = {isa = PBXFileReference; fileEncoding = 4; lastKnownFileType = sourcecode.swift; name = WelcomeViewController.swift; path = Controller/WelcomeViewController.swift; sourceTree = "<group>"; };
		86FE88DF1DAAE841006260AE /* PermissionPrimingViewController.swift */ = {isa = PBXFileReference; fileEncoding = 4; lastKnownFileType = sourcecode.swift; name = PermissionPrimingViewController.swift; path = Controller/PermissionPrimingViewController.swift; sourceTree = "<group>"; };
		B31AFBD15834B7E8F0E53845 /* Pods-Restaurants.release.xcconfig */ = {isa = PBXFileReference; includeInIndex = 1; lastKnownFileType = text.xcconfig; name = "Pods-Restaurants.release.xcconfig"; path = "Pods/Target Support Files/Pods-Restaurants/Pods-Restaurants.release.xcconfig"; sourceTree = "<group>"; };
		F1392EECCF131235CE5F00EB /* Pods-Restaurants.debug.xcconfig */ = {isa = PBXFileReference; includeInIndex = 1; lastKnownFileType = text.xcconfig; name = "Pods-Restaurants.debug.xcconfig"; path = "Pods/Target Support Files/Pods-Restaurants/Pods-Restaurants.debug.xcconfig"; sourceTree = "<group>"; };
/* End PBXFileReference section */

/* Begin PBXFrameworksBuildPhase section */
		86A639AF1DA6F042009046ED /* Frameworks */ = {
			isa = PBXFrameworksBuildPhase;
			buildActionMask = 2147483647;
			files = (
				9A489B12541CD538A99A7433 /* Pods_Restaurants.framework in Frameworks */,
			);
			runOnlyForDeploymentPostprocessing = 0;
		};
/* End PBXFrameworksBuildPhase section */

/* Begin PBXGroup section */
		09D6D1D328B079E90826EC96 /* Pods */ = {
			isa = PBXGroup;
			children = (
				F1392EECCF131235CE5F00EB /* Pods-Restaurants.debug.xcconfig */,
				B31AFBD15834B7E8F0E53845 /* Pods-Restaurants.release.xcconfig */,
			);
			name = Pods;
			sourceTree = "<group>";
		};
		86A639A91DA6F042009046ED = {
			isa = PBXGroup;
			children = (
				86A639B41DA6F042009046ED /* Restaurants */,
				86A639B31DA6F042009046ED /* Products */,
				09D6D1D328B079E90826EC96 /* Pods */,
				E6E95E2E58A2714002B808DC /* Frameworks */,
			);
			sourceTree = "<group>";
		};
		86A639B31DA6F042009046ED /* Products */ = {
			isa = PBXGroup;
			children = (
				86A639B21DA6F042009046ED /* Restaurants.app */,
			);
			name = Products;
			sourceTree = "<group>";
		};
		86A639B41DA6F042009046ED /* Restaurants */ = {
			isa = PBXGroup;
			children = (
				86A639DC1DA73510009046ED /* Restaurants.entitlements */,
				86A639CC1DA6F092009046ED /* Model */,
				86A639CB1DA6F080009046ED /* View */,
				86A639CE1DA6F0A3009046ED /* Controller */,
				86A639CA1DA6F061009046ED /* Supporting Files */,
			);
			path = Restaurants;
			sourceTree = "<group>";
		};
		86A639CA1DA6F061009046ED /* Supporting Files */ = {
			isa = PBXGroup;
			children = (
				86A639BC1DA6F042009046ED /* Restaurants.xcdatamodeld */,
				86A639B51DA6F042009046ED /* AppDelegate.swift */,
				86A639BF1DA6F042009046ED /* Assets.xcassets */,
				86A639C11DA6F042009046ED /* LaunchScreen.storyboard */,
				86A639C41DA6F042009046ED /* Info.plist */,
				86A639D11DA6FB88009046ED /* YelpAPIManager.swift */,
				86A639D81DA71F3D009046ED /* Restaurants-Bridging-Header.h */,
				86FE88D71DAAC5CC006260AE /* InitialState.swift */,
				86D2373D1DAC05D300DF8D40 /* UIColor+Extension.swift */,
				86D2373F1DAC060200DF8D40 /* UIView+Extension.swift */,
			);
			name = "Supporting Files";
			sourceTree = "<group>";
		};
		86A639CB1DA6F080009046ED /* View */ = {
			isa = PBXGroup;
			children = (
				86A639B91DA6F042009046ED /* Main.storyboard */,
				86D2372E1DABC62600DF8D40 /* Custom Views */,
			);
			name = View;
			sourceTree = "<group>";
		};
		86A639CC1DA6F092009046ED /* Model */ = {
			isa = PBXGroup;
			children = (
				86288E741DA7D8F2003A87D2 /* RequestFactory.swift */,
				86288E761DA7F1A0003A87D2 /* Business.swift */,
				8669B3691DA81A27005CF1A4 /* Coordinates.swift */,
				8669B36B1DA820C3005CF1A4 /* Location.swift */,
				8669B3711DA83140005CF1A4 /* Review.swift */,
				86FE88C71DA857A4006260AE /* Category.swift */,
				86D237391DABE94800DF8D40 /* FeaturedSection.swift */,
				86D2373B1DABFCDC00DF8D40 /* SuggestedSection.swift */,
			);
			name = Model;
			sourceTree = "<group>";
		};
		86A639CE1DA6F0A3009046ED /* Controller */ = {
			isa = PBXGroup;
			children = (
				86FE88DB1DAADED6006260AE /* TabBarViewController.swift */,
				86FE88CE1DAAABB3006260AE /* CategoryCollectionViewController.swift */,
				8669B36D1DA8231B005CF1A4 /* RestaurantsTableViewController.swift */,
				8669B36F1DA82A38005CF1A4 /* RestaurantDetailViewController.swift */,
				86FE88DD1DAAE823006260AE /* WelcomeViewController.swift */,
				86FE88DF1DAAE841006260AE /* PermissionPrimingViewController.swift */,
				86FE88CD1DAAA7F2006260AE /* Cells */,
				86FE88D41DAAC2B8006260AE /* Custom Views */,
			);
			name = Controller;
			sourceTree = "<group>";
		};
		86D2372E1DABC62600DF8D40 /* Custom Views */ = {
			isa = PBXGroup;
			children = (
				86D2372F1DABC65500DF8D40 /* FeaturedCategoryCollectionViewCell.xib */,
				86D237311DABD36600DF8D40 /* FeaturedRestaurantsCollectionViewCell.xib */,
			);
			name = "Custom Views";
			sourceTree = "<group>";
		};
		86FE88CD1DAAA7F2006260AE /* Cells */ = {
			isa = PBXGroup;
			children = (
				86FE88CB1DAAA7EE006260AE /* CategoryCollectionViewCell.swift */,
				86FE88D01DAAADED006260AE /* RestaurantCollectionViewCell.swift */,
				86D2372C1DABBFEC00DF8D40 /* FeaturedCategoryCollectionViewCell.swift */,
				86D237331DABD3E700DF8D40 /* FeaturedRestaurantsCollectionViewCell.swift */,
				86D237411DAC19B200DF8D40 /* SearchResultRestaurantTableViewCell.swift */,
			);
			name = Cells;
			sourceTree = "<group>";
		};
		86FE88D41DAAC2B8006260AE /* Custom Views */ = {
			isa = PBXGroup;
			children = (
				86FE88D51DAAC301006260AE /* CategoryHeaderCollectionReusableView.swift */,
			);
			name = "Custom Views";
			sourceTree = "<group>";
		};
		E6E95E2E58A2714002B808DC /* Frameworks */ = {
			isa = PBXGroup;
			children = (
				3B978821A3C430AB5E984174 /* Pods_Restaurants.framework */,
			);
			name = Frameworks;
			sourceTree = "<group>";
		};
/* End PBXGroup section */

/* Begin PBXNativeTarget section */
		86A639B11DA6F042009046ED /* Restaurants */ = {
			isa = PBXNativeTarget;
			buildConfigurationList = 86A639C71DA6F042009046ED /* Build configuration list for PBXNativeTarget "Restaurants" */;
			buildPhases = (
				4BFFEAA24E7F204E3B0F7330 /* [CP] Check Pods Manifest.lock */,
				86A639AE1DA6F042009046ED /* Sources */,
				86A639AF1DA6F042009046ED /* Frameworks */,
				86A639B01DA6F042009046ED /* Resources */,
				19DCF5EB8F50C1EC6ABAE772 /* [CP] Embed Pods Frameworks */,
				1AA84B8F078B4A07A4DDB13F /* [CP] Copy Pods Resources */,
			);
			buildRules = (
			);
			dependencies = (
			);
			name = Restaurants;
			productName = Restaurants;
			productReference = 86A639B21DA6F042009046ED /* Restaurants.app */;
			productType = "com.apple.product-type.application";
		};
/* End PBXNativeTarget section */

/* Begin PBXProject section */
		86A639AA1DA6F042009046ED /* Project object */ = {
			isa = PBXProject;
			attributes = {
				LastSwiftUpdateCheck = 0800;
				LastUpgradeCheck = 0800;
				ORGANIZATIONNAME = "Lucas Dilts";
				TargetAttributes = {
					86A639B11DA6F042009046ED = {
						CreatedOnToolsVersion = 8.0;
						DevelopmentTeam = 69ZM7V3AUZ;
						LastSwiftMigration = 0800;
						ProvisioningStyle = Automatic;
						SystemCapabilities = {
							com.apple.Keychain = {
								enabled = 1;
							};
						};
					};
				};
			};
			buildConfigurationList = 86A639AD1DA6F042009046ED /* Build configuration list for PBXProject "Restaurants" */;
			compatibilityVersion = "Xcode 3.2";
			developmentRegion = English;
			hasScannedForEncodings = 0;
			knownRegions = (
				en,
				Base,
			);
			mainGroup = 86A639A91DA6F042009046ED;
			productRefGroup = 86A639B31DA6F042009046ED /* Products */;
			projectDirPath = "";
			projectRoot = "";
			targets = (
				86A639B11DA6F042009046ED /* Restaurants */,
			);
		};
/* End PBXProject section */

/* Begin PBXResourcesBuildPhase section */
		86A639B01DA6F042009046ED /* Resources */ = {
			isa = PBXResourcesBuildPhase;
			buildActionMask = 2147483647;
			files = (
				86D237301DABC65500DF8D40 /* FeaturedCategoryCollectionViewCell.xib in Resources */,
				86A639C31DA6F042009046ED /* LaunchScreen.storyboard in Resources */,
				86A639C01DA6F042009046ED /* Assets.xcassets in Resources */,
				86A639BB1DA6F042009046ED /* Main.storyboard in Resources */,
				86D237321DABD36600DF8D40 /* FeaturedRestaurantsCollectionViewCell.xib in Resources */,
			);
			runOnlyForDeploymentPostprocessing = 0;
		};
/* End PBXResourcesBuildPhase section */

/* Begin PBXShellScriptBuildPhase section */
		19DCF5EB8F50C1EC6ABAE772 /* [CP] Embed Pods Frameworks */ = {
			isa = PBXShellScriptBuildPhase;
			buildActionMask = 2147483647;
			files = (
			);
			inputPaths = (
			);
			name = "[CP] Embed Pods Frameworks";
			outputPaths = (
			);
			runOnlyForDeploymentPostprocessing = 0;
			shellPath = /bin/sh;
			shellScript = "\"${SRCROOT}/Pods/Target Support Files/Pods-Restaurants/Pods-Restaurants-frameworks.sh\"\n";
			showEnvVarsInLog = 0;
		};
		1AA84B8F078B4A07A4DDB13F /* [CP] Copy Pods Resources */ = {
			isa = PBXShellScriptBuildPhase;
			buildActionMask = 2147483647;
			files = (
			);
			inputPaths = (
			);
			name = "[CP] Copy Pods Resources";
			outputPaths = (
			);
			runOnlyForDeploymentPostprocessing = 0;
			shellPath = /bin/sh;
			shellScript = "\"${SRCROOT}/Pods/Target Support Files/Pods-Restaurants/Pods-Restaurants-resources.sh\"\n";
			showEnvVarsInLog = 0;
		};
		4BFFEAA24E7F204E3B0F7330 /* [CP] Check Pods Manifest.lock */ = {
			isa = PBXShellScriptBuildPhase;
			buildActionMask = 2147483647;
			files = (
			);
			inputPaths = (
			);
			name = "[CP] Check Pods Manifest.lock";
			outputPaths = (
			);
			runOnlyForDeploymentPostprocessing = 0;
			shellPath = /bin/sh;
			shellScript = "diff \"${PODS_ROOT}/../Podfile.lock\" \"${PODS_ROOT}/Manifest.lock\" > /dev/null\nif [ $? != 0 ] ; then\n    # print error to STDERR\n    echo \"error: The sandbox is not in sync with the Podfile.lock. Run 'pod install' or update your CocoaPods installation.\" >&2\n    exit 1\nfi\n";
			showEnvVarsInLog = 0;
		};
/* End PBXShellScriptBuildPhase section */

/* Begin PBXSourcesBuildPhase section */
		86A639AE1DA6F042009046ED /* Sources */ = {
			isa = PBXSourcesBuildPhase;
			buildActionMask = 2147483647;
			files = (
				86D2372D1DABBFEC00DF8D40 /* FeaturedCategoryCollectionViewCell.swift in Sources */,
				86D2373C1DABFCDC00DF8D40 /* SuggestedSection.swift in Sources */,
				86288E751DA7D8F2003A87D2 /* RequestFactory.swift in Sources */,
				8669B3701DA82A38005CF1A4 /* RestaurantDetailViewController.swift in Sources */,
				8669B36E1DA8231B005CF1A4 /* RestaurantsTableViewController.swift in Sources */,
				86FE88DC1DAADED6006260AE /* TabBarViewController.swift in Sources */,
				8669B36C1DA820C3005CF1A4 /* Location.swift in Sources */,
				8669B36A1DA81A27005CF1A4 /* Coordinates.swift in Sources */,
				86FE88D11DAAADED006260AE /* RestaurantCollectionViewCell.swift in Sources */,
				86FE88CF1DAAABB3006260AE /* CategoryCollectionViewController.swift in Sources */,
				86FE88CC1DAAA7EE006260AE /* CategoryCollectionViewCell.swift in Sources */,
				86FE88D81DAAC5CC006260AE /* InitialState.swift in Sources */,
				8669B3721DA83140005CF1A4 /* Review.swift in Sources */,
				86D237421DAC19B200DF8D40 /* SearchResultRestaurantTableViewCell.swift in Sources */,
				86D2373A1DABE94800DF8D40 /* FeaturedSection.swift in Sources */,
				86A639B61DA6F042009046ED /* AppDelegate.swift in Sources */,
				86D2373E1DAC05D300DF8D40 /* UIColor+Extension.swift in Sources */,
				86288E771DA7F1A0003A87D2 /* Business.swift in Sources */,
				86A639D21DA6FB88009046ED /* YelpAPIManager.swift in Sources */,
				86FE88D61DAAC301006260AE /* CategoryHeaderCollectionReusableView.swift in Sources */,
				86A639BE1DA6F042009046ED /* Restaurants.xcdatamodeld in Sources */,
				86FE88C81DA857A4006260AE /* Category.swift in Sources */,
				86D237341DABD3E700DF8D40 /* FeaturedRestaurantsCollectionViewCell.swift in Sources */,
				86FE88E01DAAE841006260AE /* PermissionPrimingViewController.swift in Sources */,
				86D237401DAC060200DF8D40 /* UIView+Extension.swift in Sources */,
				86FE88DE1DAAE823006260AE /* WelcomeViewController.swift in Sources */,
			);
			runOnlyForDeploymentPostprocessing = 0;
		};
/* End PBXSourcesBuildPhase section */

/* Begin PBXVariantGroup section */
		86A639B91DA6F042009046ED /* Main.storyboard */ = {
			isa = PBXVariantGroup;
			children = (
				86A639BA1DA6F042009046ED /* Base */,
			);
			name = Main.storyboard;
			sourceTree = "<group>";
		};
		86A639C11DA6F042009046ED /* LaunchScreen.storyboard */ = {
			isa = PBXVariantGroup;
			children = (
				86A639C21DA6F042009046ED /* Base */,
			);
			name = LaunchScreen.storyboard;
			sourceTree = "<group>";
		};
/* End PBXVariantGroup section */

/* Begin XCBuildConfiguration section */
		86A639C51DA6F042009046ED /* Debug */ = {
			isa = XCBuildConfiguration;
			buildSettings = {
				ALWAYS_SEARCH_USER_PATHS = NO;
				CLANG_ANALYZER_NONNULL = YES;
				CLANG_CXX_LANGUAGE_STANDARD = "gnu++0x";
				CLANG_CXX_LIBRARY = "libc++";
				CLANG_ENABLE_MODULES = YES;
				CLANG_ENABLE_OBJC_ARC = YES;
				CLANG_WARN_BOOL_CONVERSION = YES;
				CLANG_WARN_CONSTANT_CONVERSION = YES;
				CLANG_WARN_DIRECT_OBJC_ISA_USAGE = YES_ERROR;
				CLANG_WARN_DOCUMENTATION_COMMENTS = YES;
				CLANG_WARN_EMPTY_BODY = YES;
				CLANG_WARN_ENUM_CONVERSION = YES;
				CLANG_WARN_INFINITE_RECURSION = YES;
				CLANG_WARN_INT_CONVERSION = YES;
				CLANG_WARN_OBJC_ROOT_CLASS = YES_ERROR;
				CLANG_WARN_SUSPICIOUS_MOVE = YES;
				CLANG_WARN_SUSPICIOUS_MOVES = YES;
				CLANG_WARN_UNREACHABLE_CODE = YES;
				CLANG_WARN__DUPLICATE_METHOD_MATCH = YES;
				"CODE_SIGN_IDENTITY[sdk=iphoneos*]" = "iPhone Developer";
				COPY_PHASE_STRIP = NO;
				DEBUG_INFORMATION_FORMAT = dwarf;
				ENABLE_STRICT_OBJC_MSGSEND = YES;
				ENABLE_TESTABILITY = YES;
				GCC_C_LANGUAGE_STANDARD = gnu99;
				GCC_DYNAMIC_NO_PIC = NO;
				GCC_NO_COMMON_BLOCKS = YES;
				GCC_OPTIMIZATION_LEVEL = 0;
				GCC_PREPROCESSOR_DEFINITIONS = (
					"DEBUG=1",
					"$(inherited)",
				);
				GCC_WARN_64_TO_32_BIT_CONVERSION = YES;
				GCC_WARN_ABOUT_RETURN_TYPE = YES_ERROR;
				GCC_WARN_UNDECLARED_SELECTOR = YES;
				GCC_WARN_UNINITIALIZED_AUTOS = YES_AGGRESSIVE;
				GCC_WARN_UNUSED_FUNCTION = YES;
				GCC_WARN_UNUSED_VARIABLE = YES;
				IPHONEOS_DEPLOYMENT_TARGET = 10.0;
				MTL_ENABLE_DEBUG_INFO = YES;
				ONLY_ACTIVE_ARCH = YES;
				SDKROOT = iphoneos;
				SWIFT_ACTIVE_COMPILATION_CONDITIONS = DEBUG;
				SWIFT_OPTIMIZATION_LEVEL = "-Onone";
			};
			name = Debug;
		};
		86A639C61DA6F042009046ED /* Release */ = {
			isa = XCBuildConfiguration;
			buildSettings = {
				ALWAYS_SEARCH_USER_PATHS = NO;
				CLANG_ANALYZER_NONNULL = YES;
				CLANG_CXX_LANGUAGE_STANDARD = "gnu++0x";
				CLANG_CXX_LIBRARY = "libc++";
				CLANG_ENABLE_MODULES = YES;
				CLANG_ENABLE_OBJC_ARC = YES;
				CLANG_WARN_BOOL_CONVERSION = YES;
				CLANG_WARN_CONSTANT_CONVERSION = YES;
				CLANG_WARN_DIRECT_OBJC_ISA_USAGE = YES_ERROR;
				CLANG_WARN_DOCUMENTATION_COMMENTS = YES;
				CLANG_WARN_EMPTY_BODY = YES;
				CLANG_WARN_ENUM_CONVERSION = YES;
				CLANG_WARN_INFINITE_RECURSION = YES;
				CLANG_WARN_INT_CONVERSION = YES;
				CLANG_WARN_OBJC_ROOT_CLASS = YES_ERROR;
				CLANG_WARN_SUSPICIOUS_MOVE = YES;
				CLANG_WARN_SUSPICIOUS_MOVES = YES;
				CLANG_WARN_UNREACHABLE_CODE = YES;
				CLANG_WARN__DUPLICATE_METHOD_MATCH = YES;
				"CODE_SIGN_IDENTITY[sdk=iphoneos*]" = "iPhone Developer";
				COPY_PHASE_STRIP = NO;
				DEBUG_INFORMATION_FORMAT = "dwarf-with-dsym";
				ENABLE_NS_ASSERTIONS = NO;
				ENABLE_STRICT_OBJC_MSGSEND = YES;
				GCC_C_LANGUAGE_STANDARD = gnu99;
				GCC_NO_COMMON_BLOCKS = YES;
				GCC_WARN_64_TO_32_BIT_CONVERSION = YES;
				GCC_WARN_ABOUT_RETURN_TYPE = YES_ERROR;
				GCC_WARN_UNDECLARED_SELECTOR = YES;
				GCC_WARN_UNINITIALIZED_AUTOS = YES_AGGRESSIVE;
				GCC_WARN_UNUSED_FUNCTION = YES;
				GCC_WARN_UNUSED_VARIABLE = YES;
				IPHONEOS_DEPLOYMENT_TARGET = 10.0;
				MTL_ENABLE_DEBUG_INFO = NO;
				SDKROOT = iphoneos;
				SWIFT_OPTIMIZATION_LEVEL = "-Owholemodule";
				VALIDATE_PRODUCT = YES;
			};
			name = Release;
		};
		86A639C81DA6F042009046ED /* Debug */ = {
			isa = XCBuildConfiguration;
			baseConfigurationReference = F1392EECCF131235CE5F00EB /* Pods-Restaurants.debug.xcconfig */;
			buildSettings = {
				ALWAYS_EMBED_SWIFT_STANDARD_LIBRARIES = YES;
				ASSETCATALOG_COMPILER_APPICON_NAME = AppIcon;
				CLANG_ENABLE_MODULES = YES;
				CODE_SIGN_ENTITLEMENTS = Restaurants/Restaurants.entitlements;
				DEVELOPMENT_TEAM = 69ZM7V3AUZ;
				INFOPLIST_FILE = Restaurants/Info.plist;
				LD_RUNPATH_SEARCH_PATHS = "$(inherited) @executable_path/Frameworks";
				PRODUCT_BUNDLE_IDENTIFIER = com.lucasdilts.Restaurants;
				PRODUCT_NAME = "$(TARGET_NAME)";
				SWIFT_OBJC_BRIDGING_HEADER = "Restaurants/Restaurants-Bridging-Header.h";
				SWIFT_OPTIMIZATION_LEVEL = "-Onone";
				SWIFT_VERSION = 3.0;
			};
			name = Debug;
		};
		86A639C91DA6F042009046ED /* Release */ = {
			isa = XCBuildConfiguration;
			baseConfigurationReference = B31AFBD15834B7E8F0E53845 /* Pods-Restaurants.release.xcconfig */;
			buildSettings = {
				ALWAYS_EMBED_SWIFT_STANDARD_LIBRARIES = YES;
				ASSETCATALOG_COMPILER_APPICON_NAME = AppIcon;
				CLANG_ENABLE_MODULES = YES;
				CODE_SIGN_ENTITLEMENTS = Restaurants/Restaurants.entitlements;
				DEVELOPMENT_TEAM = 69ZM7V3AUZ;
				INFOPLIST_FILE = Restaurants/Info.plist;
				LD_RUNPATH_SEARCH_PATHS = "$(inherited) @executable_path/Frameworks";
				PRODUCT_BUNDLE_IDENTIFIER = com.lucasdilts.Restaurants;
				PRODUCT_NAME = "$(TARGET_NAME)";
				SWIFT_OBJC_BRIDGING_HEADER = "Restaurants/Restaurants-Bridging-Header.h";
				SWIFT_VERSION = 3.0;
			};
			name = Release;
		};
/* End XCBuildConfiguration section */

/* Begin XCConfigurationList section */
		86A639AD1DA6F042009046ED /* Build configuration list for PBXProject "Restaurants" */ = {
			isa = XCConfigurationList;
			buildConfigurations = (
				86A639C51DA6F042009046ED /* Debug */,
				86A639C61DA6F042009046ED /* Release */,
			);
			defaultConfigurationIsVisible = 0;
			defaultConfigurationName = Release;
		};
		86A639C71DA6F042009046ED /* Build configuration list for PBXNativeTarget "Restaurants" */ = {
			isa = XCConfigurationList;
			buildConfigurations = (
				86A639C81DA6F042009046ED /* Debug */,
				86A639C91DA6F042009046ED /* Release */,
			);
			defaultConfigurationIsVisible = 0;
			defaultConfigurationName = Release;
		};
/* End XCConfigurationList section */

/* Begin XCVersionGroup section */
		86A639BC1DA6F042009046ED /* Restaurants.xcdatamodeld */ = {
			isa = XCVersionGroup;
			children = (
				86A639BD1DA6F042009046ED /* Restaurants.xcdatamodel */,
			);
			currentVersion = 86A639BD1DA6F042009046ED /* Restaurants.xcdatamodel */;
			path = Restaurants.xcdatamodeld;
			sourceTree = "<group>";
			versionGroupType = wrapper.xcdatamodel;
		};
/* End XCVersionGroup section */
	};
	rootObject = 86A639AA1DA6F042009046ED /* Project object */;
}
